// !$*UTF8*$!
{
	archiveVersion = 1;
	classes = {
	};
	objectVersion = 55;
	objects = {

/* Begin PBXBuildFile section */
		2D74A334288D55A500BD32B9 /* AppDelegate.swift in Sources */ = {isa = PBXBuildFile; fileRef = 2D74A333288D55A500BD32B9 /* AppDelegate.swift */; };
		2D74A336288D55A500BD32B9 /* SceneDelegate.swift in Sources */ = {isa = PBXBuildFile; fileRef = 2D74A335288D55A500BD32B9 /* SceneDelegate.swift */; };
		2D74A338288D55A500BD32B9 /* ViewController.swift in Sources */ = {isa = PBXBuildFile; fileRef = 2D74A337288D55A500BD32B9 /* ViewController.swift */; };
		2D74A33B288D55A500BD32B9 /* Main.storyboard in Resources */ = {isa = PBXBuildFile; fileRef = 2D74A339288D55A500BD32B9 /* Main.storyboard */; };
		2D74A33D288D55A600BD32B9 /* Assets.xcassets in Resources */ = {isa = PBXBuildFile; fileRef = 2D74A33C288D55A600BD32B9 /* Assets.xcassets */; };
		2D74A340288D55A600BD32B9 /* LaunchScreen.storyboard in Resources */ = {isa = PBXBuildFile; fileRef = 2D74A33E288D55A600BD32B9 /* LaunchScreen.storyboard */; };
		2D74A348288D5BBA00BD32B9 /* GoogleMapViewController.swift in Sources */ = {isa = PBXBuildFile; fileRef = 2D74A347288D5BBA00BD32B9 /* GoogleMapViewController.swift */; };
		6ADE1E51E48322067C266A09 /* Pods_New17GoogleMap.framework in Frameworks */ = {isa = PBXBuildFile; fileRef = 0D30856033866F852736E4A3 /* Pods_New17GoogleMap.framework */; };
/* End PBXBuildFile section */

/* Begin PBXFileReference section */
		0D30856033866F852736E4A3 /* Pods_New17GoogleMap.framework */ = {isa = PBXFileReference; explicitFileType = wrapper.framework; includeInIndex = 0; path = Pods_New17GoogleMap.framework; sourceTree = BUILT_PRODUCTS_DIR; };
		2D74A330288D55A500BD32B9 /* New17GoogleMap.app */ = {isa = PBXFileReference; explicitFileType = wrapper.application; includeInIndex = 0; path = New17GoogleMap.app; sourceTree = BUILT_PRODUCTS_DIR; };
		2D74A333288D55A500BD32B9 /* AppDelegate.swift */ = {isa = PBXFileReference; lastKnownFileType = sourcecode.swift; path = AppDelegate.swift; sourceTree = "<group>"; };
		2D74A335288D55A500BD32B9 /* SceneDelegate.swift */ = {isa = PBXFileReference; lastKnownFileType = sourcecode.swift; path = SceneDelegate.swift; sourceTree = "<group>"; };
		2D74A337288D55A500BD32B9 /* ViewController.swift */ = {isa = PBXFileReference; lastKnownFileType = sourcecode.swift; path = ViewController.swift; sourceTree = "<group>"; };
		2D74A33A288D55A500BD32B9 /* Base */ = {isa = PBXFileReference; lastKnownFileType = file.storyboard; name = Base; path = Base.lproj/Main.storyboard; sourceTree = "<group>"; };
		2D74A33C288D55A600BD32B9 /* Assets.xcassets */ = {isa = PBXFileReference; lastKnownFileType = folder.assetcatalog; path = Assets.xcassets; sourceTree = "<group>"; };
		2D74A33F288D55A600BD32B9 /* Base */ = {isa = PBXFileReference; lastKnownFileType = file.storyboard; name = Base; path = Base.lproj/LaunchScreen.storyboard; sourceTree = "<group>"; };
		2D74A341288D55A600BD32B9 /* Info.plist */ = {isa = PBXFileReference; lastKnownFileType = text.plist.xml; path = Info.plist; sourceTree = "<group>"; };
		2D74A347288D5BBA00BD32B9 /* GoogleMapViewController.swift */ = {isa = PBXFileReference; lastKnownFileType = sourcecode.swift; path = GoogleMapViewController.swift; sourceTree = "<group>"; };
		819894BE722460460776F061 /* Pods-New17GoogleMap.release.xcconfig */ = {isa = PBXFileReference; includeInIndex = 1; lastKnownFileType = text.xcconfig; name = "Pods-New17GoogleMap.release.xcconfig"; path = "Target Support Files/Pods-New17GoogleMap/Pods-New17GoogleMap.release.xcconfig"; sourceTree = "<group>"; };
		915B2E6353FCAF6FAF748D78 /* Pods-New17GoogleMap.debug.xcconfig */ = {isa = PBXFileReference; includeInIndex = 1; lastKnownFileType = text.xcconfig; name = "Pods-New17GoogleMap.debug.xcconfig"; path = "Target Support Files/Pods-New17GoogleMap/Pods-New17GoogleMap.debug.xcconfig"; sourceTree = "<group>"; };
/* End PBXFileReference section */

/* Begin PBXFrameworksBuildPhase section */
		2D74A32D288D55A500BD32B9 /* Frameworks */ = {
			isa = PBXFrameworksBuildPhase;
			buildActionMask = 2147483647;
			files = (
				6ADE1E51E48322067C266A09 /* Pods_New17GoogleMap.framework in Frameworks */,
			);
			runOnlyForDeploymentPostprocessing = 0;
		};
/* End PBXFrameworksBuildPhase section */

/* Begin PBXGroup section */
		2D74A327288D55A500BD32B9 = {
			isa = PBXGroup;
			children = (
				2D74A332288D55A500BD32B9 /* New17GoogleMap */,
				2D74A331288D55A500BD32B9 /* Products */,
				7294F0F4022D95D0AC863045 /* Pods */,
				C4A458148C744141EE0FCF6D /* Frameworks */,
			);
			sourceTree = "<group>";
		};
		2D74A331288D55A500BD32B9 /* Products */ = {
			isa = PBXGroup;
			children = (
				2D74A330288D55A500BD32B9 /* New17GoogleMap.app */,
			);
			name = Products;
			sourceTree = "<group>";
		};
		2D74A332288D55A500BD32B9 /* New17GoogleMap */ = {
			isa = PBXGroup;
			children = (
				2D74A333288D55A500BD32B9 /* AppDelegate.swift */,
				2D74A335288D55A500BD32B9 /* SceneDelegate.swift */,
				2D74A337288D55A500BD32B9 /* ViewController.swift */,
				2D74A339288D55A500BD32B9 /* Main.storyboard */,
				2D74A347288D5BBA00BD32B9 /* GoogleMapViewController.swift */,
				2D74A33C288D55A600BD32B9 /* Assets.xcassets */,
				2D74A33E288D55A600BD32B9 /* LaunchScreen.storyboard */,
				2D74A341288D55A600BD32B9 /* Info.plist */,
			);
			path = New17GoogleMap;
			sourceTree = "<group>";
		};
		7294F0F4022D95D0AC863045 /* Pods */ = {
			isa = PBXGroup;
			children = (
				915B2E6353FCAF6FAF748D78 /* Pods-New17GoogleMap.debug.xcconfig */,
				819894BE722460460776F061 /* Pods-New17GoogleMap.release.xcconfig */,
			);
			name = Pods;
			path = Pods;
			sourceTree = "<group>";
		};
		C4A458148C744141EE0FCF6D /* Frameworks */ = {
			isa = PBXGroup;
			children = (
				0D30856033866F852736E4A3 /* Pods_New17GoogleMap.framework */,
			);
			name = Frameworks;
			sourceTree = "<group>";
		};
/* End PBXGroup section */

/* Begin PBXNativeTarget section */
		2D74A32F288D55A500BD32B9 /* New17GoogleMap */ = {
			isa = PBXNativeTarget;
			buildConfigurationList = 2D74A344288D55A600BD32B9 /* Build configuration list for PBXNativeTarget "New17GoogleMap" */;
			buildPhases = (
				EDCD5ED5728746C3EB1737B8 /* [CP] Check Pods Manifest.lock */,
				2D74A32C288D55A500BD32B9 /* Sources */,
				2D74A32D288D55A500BD32B9 /* Frameworks */,
				2D74A32E288D55A500BD32B9 /* Resources */,
				E27E2AB4C02174314CFBAA36 /* [CP] Copy Pods Resources */,
			);
			buildRules = (
			);
			dependencies = (
			);
			name = New17GoogleMap;
			productName = New17GoogleMap;
			productReference = 2D74A330288D55A500BD32B9 /* New17GoogleMap.app */;
			productType = "com.apple.product-type.application";
		};
/* End PBXNativeTarget section */

/* Begin PBXProject section */
		2D74A328288D55A500BD32B9 /* Project object */ = {
			isa = PBXProject;
			attributes = {
				BuildIndependentTargetsInParallel = 1;
				LastSwiftUpdateCheck = 1340;
				LastUpgradeCheck = 1340;
				TargetAttributes = {
					2D74A32F288D55A500BD32B9 = {
						CreatedOnToolsVersion = 13.4.1;
					};
				};
			};
			buildConfigurationList = 2D74A32B288D55A500BD32B9 /* Build configuration list for PBXProject "New17GoogleMap" */;
			compatibilityVersion = "Xcode 13.0";
			developmentRegion = en;
			hasScannedForEncodings = 0;
			knownRegions = (
				en,
				Base,
			);
			mainGroup = 2D74A327288D55A500BD32B9;
			productRefGroup = 2D74A331288D55A500BD32B9 /* Products */;
			projectDirPath = "";
			projectRoot = "";
			targets = (
				2D74A32F288D55A500BD32B9 /* New17GoogleMap */,
			);
		};
/* End PBXProject section */

/* Begin PBXResourcesBuildPhase section */
		2D74A32E288D55A500BD32B9 /* Resources */ = {
			isa = PBXResourcesBuildPhase;
			buildActionMask = 2147483647;
			files = (
				2D74A340288D55A600BD32B9 /* LaunchScreen.storyboard in Resources */,
				2D74A33D288D55A600BD32B9 /* Assets.xcassets in Resources */,
				2D74A33B288D55A500BD32B9 /* Main.storyboard in Resources */,
			);
			runOnlyForDeploymentPostprocessing = 0;
		};
/* End PBXResourcesBuildPhase section */

/* Begin PBXShellScriptBuildPhase section */
		E27E2AB4C02174314CFBAA36 /* [CP] Copy Pods Resources */ = {
			isa = PBXShellScriptBuildPhase;
			buildActionMask = 2147483647;
			files = (
			);
			inputFileListPaths = (
				"${PODS_ROOT}/Target Support Files/Pods-New17GoogleMap/Pods-New17GoogleMap-resources-${CONFIGURATION}-input-files.xcfilelist",
			);
			name = "[CP] Copy Pods Resources";
			outputFileListPaths = (
				"${PODS_ROOT}/Target Support Files/Pods-New17GoogleMap/Pods-New17GoogleMap-resources-${CONFIGURATION}-output-files.xcfilelist",
			);
			runOnlyForDeploymentPostprocessing = 0;
			shellPath = /bin/sh;
			shellScript = "\"${PODS_ROOT}/Target Support Files/Pods-New17GoogleMap/Pods-New17GoogleMap-resources.sh\"\n";
			showEnvVarsInLog = 0;
		};
		EDCD5ED5728746C3EB1737B8 /* [CP] Check Pods Manifest.lock */ = {
			isa = PBXShellScriptBuildPhase;
			buildActionMask = 2147483647;
			files = (
			);
			inputFileListPaths = (
			);
			inputPaths = (
				"${PODS_PODFILE_DIR_PATH}/Podfile.lock",
				"${PODS_ROOT}/Manifest.lock",
			);
			name = "[CP] Check Pods Manifest.lock";
			outputFileListPaths = (
			);
			outputPaths = (
				"$(DERIVED_FILE_DIR)/Pods-New17GoogleMap-checkManifestLockResult.txt",
			);
			runOnlyForDeploymentPostprocessing = 0;
			shellPath = /bin/sh;
			shellScript = "diff \"${PODS_PODFILE_DIR_PATH}/Podfile.lock\" \"${PODS_ROOT}/Manifest.lock\" > /dev/null\nif [ $? != 0 ] ; then\n    # print error to STDERR\n    echo \"error: The sandbox is not in sync with the Podfile.lock. Run 'pod install' or update your CocoaPods installation.\" >&2\n    exit 1\nfi\n# This output is used by Xcode 'outputs' to avoid re-running this script phase.\necho \"SUCCESS\" > \"${SCRIPT_OUTPUT_FILE_0}\"\n";
			showEnvVarsInLog = 0;
		};
/* End PBXShellScriptBuildPhase section */

/* Begin PBXSourcesBuildPhase section */
		2D74A32C288D55A500BD32B9 /* Sources */ = {
			isa = PBXSourcesBuildPhase;
			buildActionMask = 2147483647;
			files = (
				2D74A338288D55A500BD32B9 /* ViewController.swift in Sources */,
				2D74A334288D55A500BD32B9 /* AppDelegate.swift in Sources */,
				2D74A348288D5BBA00BD32B9 /* GoogleMapViewController.swift in Sources */,
				2D74A336288D55A500BD32B9 /* SceneDelegate.swift in Sources */,
			);
			runOnlyForDeploymentPostprocessing = 0;
		};
/* End PBXSourcesBuildPhase section */

/* Begin PBXVariantGroup section */
		2D74A339288D55A500BD32B9 /* Main.storyboard */ = {
			isa = PBXVariantGroup;
			children = (
				2D74A33A288D55A500BD32B9 /* Base */,
			);
			name = Main.storyboard;
			sourceTree = "<group>";
		};
		2D74A33E288D55A600BD32B9 /* LaunchScreen.storyboard */ = {
			isa = PBXVariantGroup;
			children = (
				2D74A33F288D55A600BD32B9 /* Base */,
			);
			name = LaunchScreen.storyboard;
			sourceTree = "<group>";
		};
/* End PBXVariantGroup section */

/* Begin XCBuildConfiguration section */
		2D74A342288D55A600BD32B9 /* Debug */ = {
			isa = XCBuildConfiguration;
			buildSettings = {
				ALWAYS_SEARCH_USER_PATHS = NO;
				CLANG_ANALYZER_NONNULL = YES;
				CLANG_ANALYZER_NUMBER_OBJECT_CONVERSION = YES_AGGRESSIVE;
				CLANG_CXX_LANGUAGE_STANDARD = "gnu++17";
				CLANG_ENABLE_MODULES = YES;
				CLANG_ENABLE_OBJC_ARC = YES;
				CLANG_ENABLE_OBJC_WEAK = YES;
				CLANG_WARN_BLOCK_CAPTURE_AUTORELEASING = YES;
				CLANG_WARN_BOOL_CONVERSION = YES;
				CLANG_WARN_COMMA = YES;
				CLANG_WARN_CONSTANT_CONVERSION = YES;
				CLANG_WARN_DEPRECATED_OBJC_IMPLEMENTATIONS = YES;
				CLANG_WARN_DIRECT_OBJC_ISA_USAGE = YES_ERROR;
				CLANG_WARN_DOCUMENTATION_COMMENTS = YES;
				CLANG_WARN_EMPTY_BODY = YES;
				CLANG_WARN_ENUM_CONVERSION = YES;
				CLANG_WARN_INFINITE_RECURSION = YES;
				CLANG_WARN_INT_CONVERSION = YES;
				CLANG_WARN_NON_LITERAL_NULL_CONVERSION = YES;
				CLANG_WARN_OBJC_IMPLICIT_RETAIN_SELF = YES;
				CLANG_WARN_OBJC_LITERAL_CONVERSION = YES;
				CLANG_WARN_OBJC_ROOT_CLASS = YES_ERROR;
				CLANG_WARN_QUOTED_INCLUDE_IN_FRAMEWORK_HEADER = YES;
				CLANG_WARN_RANGE_LOOP_ANALYSIS = YES;
				CLANG_WARN_STRICT_PROTOTYPES = YES;
				CLANG_WARN_SUSPICIOUS_MOVE = YES;
				CLANG_WARN_UNGUARDED_AVAILABILITY = YES_AGGRESSIVE;
				CLANG_WARN_UNREACHABLE_CODE = YES;
				CLANG_WARN__DUPLICATE_METHOD_MATCH = YES;
				COPY_PHASE_STRIP = NO;
				DEBUG_INFORMATION_FORMAT = dwarf;
				ENABLE_STRICT_OBJC_MSGSEND = YES;
				ENABLE_TESTABILITY = YES;
				GCC_C_LANGUAGE_STANDARD = gnu11;
				GCC_DYNAMIC_NO_PIC = NO;
				GCC_NO_COMMON_BLOCKS = YES;
				GCC_OPTIMIZATION_LEVEL = 0;
				GCC_PREPROCESSOR_DEFINITIONS = (
					"DEBUG=1",
					"$(inherited)",
				);
				GCC_WARN_64_TO_32_BIT_CONVERSION = YES;
				GCC_WARN_ABOUT_RETURN_TYPE = YES_ERROR;
				GCC_WARN_UNDECLARED_SELECTOR = YES;
				GCC_WARN_UNINITIALIZED_AUTOS = YES_AGGRESSIVE;
				GCC_WARN_UNUSED_FUNCTION = YES;
				GCC_WARN_UNUSED_VARIABLE = YES;
				IPHONEOS_DEPLOYMENT_TARGET = 15.5;
				MTL_ENABLE_DEBUG_INFO = INCLUDE_SOURCE;
				MTL_FAST_MATH = YES;
				ONLY_ACTIVE_ARCH = YES;
				SDKROOT = iphoneos;
				SWIFT_ACTIVE_COMPILATION_CONDITIONS = DEBUG;
				SWIFT_OPTIMIZATION_LEVEL = "-Onone";
			};
			name = Debug;
		};
		2D74A343288D55A600BD32B9 /* Release */ = {
			isa = XCBuildConfiguration;
			buildSettings = {
				ALWAYS_SEARCH_USER_PATHS = NO;
				CLANG_ANALYZER_NONNULL = YES;
				CLANG_ANALYZER_NUMBER_OBJECT_CONVERSION = YES_AGGRESSIVE;
				CLANG_CXX_LANGUAGE_STANDARD = "gnu++17";
				CLANG_ENABLE_MODULES = YES;
				CLANG_ENABLE_OBJC_ARC = YES;
				CLANG_ENABLE_OBJC_WEAK = YES;
				CLANG_WARN_BLOCK_CAPTURE_AUTORELEASING = YES;
				CLANG_WARN_BOOL_CONVERSION = YES;
				CLANG_WARN_COMMA = YES;
				CLANG_WARN_CONSTANT_CONVERSION = YES;
				CLANG_WARN_DEPRECATED_OBJC_IMPLEMENTATIONS = YES;
				CLANG_WARN_DIRECT_OBJC_ISA_USAGE = YES_ERROR;
				CLANG_WARN_DOCUMENTATION_COMMENTS = YES;
				CLANG_WARN_EMPTY_BODY = YES;
				CLANG_WARN_ENUM_CONVERSION = YES;
				CLANG_WARN_INFINITE_RECURSION = YES;
				CLANG_WARN_INT_CONVERSION = YES;
				CLANG_WARN_NON_LITERAL_NULL_CONVERSION = YES;
				CLANG_WARN_OBJC_IMPLICIT_RETAIN_SELF = YES;
				CLANG_WARN_OBJC_LITERAL_CONVERSION = YES;
				CLANG_WARN_OBJC_ROOT_CLASS = YES_ERROR;
				CLANG_WARN_QUOTED_INCLUDE_IN_FRAMEWORK_HEADER = YES;
				CLANG_WARN_RANGE_LOOP_ANALYSIS = YES;
				CLANG_WARN_STRICT_PROTOTYPES = YES;
				CLANG_WARN_SUSPICIOUS_MOVE = YES;
				CLANG_WARN_UNGUARDED_AVAILABILITY = YES_AGGRESSIVE;
				CLANG_WARN_UNREACHABLE_CODE = YES;
				CLANG_WARN__DUPLICATE_METHOD_MATCH = YES;
				COPY_PHASE_STRIP = NO;
				DEBUG_INFORMATION_FORMAT = "dwarf-with-dsym";
				ENABLE_NS_ASSERTIONS = NO;
				ENABLE_STRICT_OBJC_MSGSEND = YES;
				GCC_C_LANGUAGE_STANDARD = gnu11;
				GCC_NO_COMMON_BLOCKS = YES;
				GCC_WARN_64_TO_32_BIT_CONVERSION = YES;
				GCC_WARN_ABOUT_RETURN_TYPE = YES_ERROR;
				GCC_WARN_UNDECLARED_SELECTOR = YES;
				GCC_WARN_UNINITIALIZED_AUTOS = YES_AGGRESSIVE;
				GCC_WARN_UNUSED_FUNCTION = YES;
				GCC_WARN_UNUSED_VARIABLE = YES;
				IPHONEOS_DEPLOYMENT_TARGET = 15.5;
				MTL_ENABLE_DEBUG_INFO = NO;
				MTL_FAST_MATH = YES;
				SDKROOT = iphoneos;
				SWIFT_COMPILATION_MODE = wholemodule;
				SWIFT_OPTIMIZATION_LEVEL = "-O";
				VALIDATE_PRODUCT = YES;
			};
			name = Release;
		};
		2D74A345288D55A600BD32B9 /* Debug */ = {
			isa = XCBuildConfiguration;
			baseConfigurationReference = 915B2E6353FCAF6FAF748D78 /* Pods-New17GoogleMap.debug.xcconfig */;
			buildSettings = {
				ASSETCATALOG_COMPILER_APPICON_NAME = AppIcon;
				ASSETCATALOG_COMPILER_GLOBAL_ACCENT_COLOR_NAME = AccentColor;
				CODE_SIGN_STYLE = Automatic;
				CURRENT_PROJECT_VERSION = 1;
				GENERATE_INFOPLIST_FILE = YES;
				INFOPLIST_FILE = New17GoogleMap/Info.plist;
				INFOPLIST_KEY_UIApplicationSupportsIndirectInputEvents = YES;
				INFOPLIST_KEY_UILaunchStoryboardName = LaunchScreen;
				INFOPLIST_KEY_UIMainStoryboardFile = Main;
				INFOPLIST_KEY_UISupportedInterfaceOrientations_iPad = "UIInterfaceOrientationPortrait UIInterfaceOrientationPortraitUpsideDown UIInterfaceOrientationLandscapeLeft UIInterfaceOrientationLandscapeRight";
				INFOPLIST_KEY_UISupportedInterfaceOrientations_iPhone = "UIInterfaceOrientationPortrait UIInterfaceOrientationLandscapeLeft UIInterfaceOrientationLandscapeRight";
				LD_RUNPATH_SEARCH_PATHS = (
					"$(inherited)",
					"@executable_path/Frameworks",
				);
				MARKETING_VERSION = 1.0;
				PRODUCT_BUNDLE_IDENTIFIER = com.study.New17GoogleMap;
				PRODUCT_NAME = "$(TARGET_NAME)";
				SWIFT_EMIT_LOC_STRINGS = YES;
				SWIFT_VERSION = 5.0;
				TARGETED_DEVICE_FAMILY = "1,2";
			};
			name = Debug;
		};
		2D74A346288D55A600BD32B9 /* Release */ = {
			isa = XCBuildConfiguration;
			baseConfigurationReference = 819894BE722460460776F061 /* Pods-New17GoogleMap.release.xcconfig */;
			buildSettings = {
				ASSETCATALOG_COMPILER_APPICON_NAME = AppIcon;
				ASSETCATALOG_COMPILER_GLOBAL_ACCENT_COLOR_NAME = AccentColor;
				CODE_SIGN_STYLE = Automatic;
				CURRENT_PROJECT_VERSION = 1;
				GENERATE_INFOPLIST_FILE = YES;
				INFOPLIST_FILE = New17GoogleMap/Info.plist;
				INFOPLIST_KEY_UIApplicationSupportsIndirectInputEvents = YES;
				INFOPLIST_KEY_UILaunchStoryboardName = LaunchScreen;
				INFOPLIST_KEY_UIMainStoryboardFile = Main;
				INFOPLIST_KEY_UISupportedInterfaceOrientations_iPad = "UIInterfaceOrientationPortrait UIInterfaceOrientationPortraitUpsideDown UIInterfaceOrientationLandscapeLeft UIInterfaceOrientationLandscapeRight";
				INFOPLIST_KEY_UISupportedInterfaceOrientations_iPhone = "UIInterfaceOrientationPortrait UIInterfaceOrientationLandscapeLeft UIInterfaceOrientationLandscapeRight";
				LD_RUNPATH_SEARCH_PATHS = (
					"$(inherited)",
					"@executable_path/Frameworks",
				);
				MARKETING_VERSION = 1.0;
				PRODUCT_BUNDLE_IDENTIFIER = com.study.New17GoogleMap;
				PRODUCT_NAME = "$(TARGET_NAME)";
				SWIFT_EMIT_LOC_STRINGS = YES;
				SWIFT_VERSION = 5.0;
				TARGETED_DEVICE_FAMILY = "1,2";
			};
			name = Release;
		};
/* End XCBuildConfiguration section */

/* Begin XCConfigurationList section */
		2D74A32B288D55A500BD32B9 /* Build configuration list for PBXProject "New17GoogleMap" */ = {
			isa = XCConfigurationList;
			buildConfigurations = (
				2D74A342288D55A600BD32B9 /* Debug */,
				2D74A343288D55A600BD32B9 /* Release */,
			);
			defaultConfigurationIsVisible = 0;
			defaultConfigurationName = Release;
		};
		2D74A344288D55A600BD32B9 /* Build configuration list for PBXNativeTarget "New17GoogleMap" */ = {
			isa = XCConfigurationList;
			buildConfigurations = (
				2D74A345288D55A600BD32B9 /* Debug */,
				2D74A346288D55A600BD32B9 /* Release */,
			);
			defaultConfigurationIsVisible = 0;
			defaultConfigurationName = Release;
		};
/* End XCConfigurationList section */
	};
	rootObject = 2D74A328288D55A500BD32B9 /* Project object */;
}
