// !$*UTF8*$!
{
	archiveVersion = 1;
	classes = {
	};
	objectVersion = 55;
	objects = {

/* Begin PBXBuildFile section */
		2DA42AD42873192600F54CEE /* PopupViewController.swift in Sources */ = {isa = PBXBuildFile; fileRef = 2DA42AD32873192600F54CEE /* PopupViewController.swift */; };
		2DC4DC0528727393006E18FD /* AppDelegate.swift in Sources */ = {isa = PBXBuildFile; fileRef = 2DC4DC0428727393006E18FD /* AppDelegate.swift */; };
		2DC4DC0728727393006E18FD /* SceneDelegate.swift in Sources */ = {isa = PBXBuildFile; fileRef = 2DC4DC0628727393006E18FD /* SceneDelegate.swift */; };
		2DC4DC0928727393006E18FD /* ViewController.swift in Sources */ = {isa = PBXBuildFile; fileRef = 2DC4DC0828727393006E18FD /* ViewController.swift */; };
		2DC4DC0C28727393006E18FD /* Main.storyboard in Resources */ = {isa = PBXBuildFile; fileRef = 2DC4DC0A28727393006E18FD /* Main.storyboard */; };
		2DC4DC0E28727397006E18FD /* Assets.xcassets in Resources */ = {isa = PBXBuildFile; fileRef = 2DC4DC0D28727397006E18FD /* Assets.xcassets */; };
		2DC4DC1128727397006E18FD /* LaunchScreen.storyboard in Resources */ = {isa = PBXBuildFile; fileRef = 2DC4DC0F28727397006E18FD /* LaunchScreen.storyboard */; };
		2DC4DC1928727FD2006E18FD /* SecondeViewController.swift in Sources */ = {isa = PBXBuildFile; fileRef = 2DC4DC1828727FD2006E18FD /* SecondeViewController.swift */; };
		2DC4DC1B28727FF7006E18FD /* ThirdViewController.swift in Sources */ = {isa = PBXBuildFile; fileRef = 2DC4DC1A28727FF7006E18FD /* ThirdViewController.swift */; };
/* End PBXBuildFile section */

/* Begin PBXFileReference section */
		2DA42AD32873192600F54CEE /* PopupViewController.swift */ = {isa = PBXFileReference; lastKnownFileType = sourcecode.swift; path = PopupViewController.swift; sourceTree = "<group>"; };
		2DC4DC0128727393006E18FD /* 03ViewStruct.app */ = {isa = PBXFileReference; explicitFileType = wrapper.application; includeInIndex = 0; path = 03ViewStruct.app; sourceTree = BUILT_PRODUCTS_DIR; };
		2DC4DC0428727393006E18FD /* AppDelegate.swift */ = {isa = PBXFileReference; lastKnownFileType = sourcecode.swift; path = AppDelegate.swift; sourceTree = "<group>"; };
		2DC4DC0628727393006E18FD /* SceneDelegate.swift */ = {isa = PBXFileReference; lastKnownFileType = sourcecode.swift; path = SceneDelegate.swift; sourceTree = "<group>"; };
		2DC4DC0828727393006E18FD /* ViewController.swift */ = {isa = PBXFileReference; lastKnownFileType = sourcecode.swift; path = ViewController.swift; sourceTree = "<group>"; };
		2DC4DC0B28727393006E18FD /* Base */ = {isa = PBXFileReference; lastKnownFileType = file.storyboard; name = Base; path = Base.lproj/Main.storyboard; sourceTree = "<group>"; };
		2DC4DC0D28727397006E18FD /* Assets.xcassets */ = {isa = PBXFileReference; lastKnownFileType = folder.assetcatalog; path = Assets.xcassets; sourceTree = "<group>"; };
		2DC4DC1028727397006E18FD /* Base */ = {isa = PBXFileReference; lastKnownFileType = file.storyboard; name = Base; path = Base.lproj/LaunchScreen.storyboard; sourceTree = "<group>"; };
		2DC4DC1228727397006E18FD /* Info.plist */ = {isa = PBXFileReference; lastKnownFileType = text.plist.xml; path = Info.plist; sourceTree = "<group>"; };
		2DC4DC1828727FD2006E18FD /* SecondeViewController.swift */ = {isa = PBXFileReference; lastKnownFileType = sourcecode.swift; path = SecondeViewController.swift; sourceTree = "<group>"; };
		2DC4DC1A28727FF7006E18FD /* ThirdViewController.swift */ = {isa = PBXFileReference; lastKnownFileType = sourcecode.swift; path = ThirdViewController.swift; sourceTree = "<group>"; };
/* End PBXFileReference section */

/* Begin PBXFrameworksBuildPhase section */
		2DC4DBFE28727393006E18FD /* Frameworks */ = {
			isa = PBXFrameworksBuildPhase;
			buildActionMask = 2147483647;
			files = (
			);
			runOnlyForDeploymentPostprocessing = 0;
		};
/* End PBXFrameworksBuildPhase section */

/* Begin PBXGroup section */
		2DC4DBF828727393006E18FD = {
			isa = PBXGroup;
			children = (
				2DC4DC0328727393006E18FD /* 03ViewStruct */,
				2DC4DC0228727393006E18FD /* Products */,
			);
			sourceTree = "<group>";
		};
		2DC4DC0228727393006E18FD /* Products */ = {
			isa = PBXGroup;
			children = (
				2DC4DC0128727393006E18FD /* 03ViewStruct.app */,
			);
			name = Products;
			sourceTree = "<group>";
		};
		2DC4DC0328727393006E18FD /* 03ViewStruct */ = {
			isa = PBXGroup;
			children = (
				2DC4DC0428727393006E18FD /* AppDelegate.swift */,
				2DC4DC0628727393006E18FD /* SceneDelegate.swift */,
				2DC4DC0828727393006E18FD /* ViewController.swift */,
				2DC4DC0A28727393006E18FD /* Main.storyboard */,
				2DA42AD32873192600F54CEE /* PopupViewController.swift */,
				2DC4DC1828727FD2006E18FD /* SecondeViewController.swift */,
				2DC4DC1A28727FF7006E18FD /* ThirdViewController.swift */,
				2DC4DC0D28727397006E18FD /* Assets.xcassets */,
				2DC4DC0F28727397006E18FD /* LaunchScreen.storyboard */,
				2DC4DC1228727397006E18FD /* Info.plist */,
			);
			path = 03ViewStruct;
			sourceTree = "<group>";
		};
/* End PBXGroup section */

/* Begin PBXNativeTarget section */
		2DC4DC0028727393006E18FD /* 03ViewStruct */ = {
			isa = PBXNativeTarget;
			buildConfigurationList = 2DC4DC1528727397006E18FD /* Build configuration list for PBXNativeTarget "03ViewStruct" */;
			buildPhases = (
				2DC4DBFD28727393006E18FD /* Sources */,
				2DC4DBFE28727393006E18FD /* Frameworks */,
				2DC4DBFF28727393006E18FD /* Resources */,
			);
			buildRules = (
			);
			dependencies = (
			);
			name = 03ViewStruct;
			productName = 03ViewStruct;
			productReference = 2DC4DC0128727393006E18FD /* 03ViewStruct.app */;
			productType = "com.apple.product-type.application";
		};
/* End PBXNativeTarget section */

/* Begin PBXProject section */
		2DC4DBF928727393006E18FD /* Project object */ = {
			isa = PBXProject;
			attributes = {
				BuildIndependentTargetsInParallel = 1;
				LastSwiftUpdateCheck = 1330;
				LastUpgradeCheck = 1330;
				TargetAttributes = {
					2DC4DC0028727393006E18FD = {
						CreatedOnToolsVersion = 13.3.1;
					};
				};
			};
			buildConfigurationList = 2DC4DBFC28727393006E18FD /* Build configuration list for PBXProject "03ViewStruct" */;
			compatibilityVersion = "Xcode 13.0";
			developmentRegion = en;
			hasScannedForEncodings = 0;
			knownRegions = (
				en,
				Base,
			);
			mainGroup = 2DC4DBF828727393006E18FD;
			productRefGroup = 2DC4DC0228727393006E18FD /* Products */;
			projectDirPath = "";
			projectRoot = "";
			targets = (
				2DC4DC0028727393006E18FD /* 03ViewStruct */,
			);
		};
/* End PBXProject section */

/* Begin PBXResourcesBuildPhase section */
		2DC4DBFF28727393006E18FD /* Resources */ = {
			isa = PBXResourcesBuildPhase;
			buildActionMask = 2147483647;
			files = (
				2DC4DC1128727397006E18FD /* LaunchScreen.storyboard in Resources */,
				2DC4DC0E28727397006E18FD /* Assets.xcassets in Resources */,
				2DC4DC0C28727393006E18FD /* Main.storyboard in Resources */,
			);
			runOnlyForDeploymentPostprocessing = 0;
		};
/* End PBXResourcesBuildPhase section */

/* Begin PBXSourcesBuildPhase section */
		2DC4DBFD28727393006E18FD /* Sources */ = {
			isa = PBXSourcesBuildPhase;
			buildActionMask = 2147483647;
			files = (
				2DC4DC0928727393006E18FD /* ViewController.swift in Sources */,
				2DC4DC0528727393006E18FD /* AppDelegate.swift in Sources */,
				2DC4DC1B28727FF7006E18FD /* ThirdViewController.swift in Sources */,
				2DC4DC1928727FD2006E18FD /* SecondeViewController.swift in Sources */,
				2DC4DC0728727393006E18FD /* SceneDelegate.swift in Sources */,
				2DA42AD42873192600F54CEE /* PopupViewController.swift in Sources */,
			);
			runOnlyForDeploymentPostprocessing = 0;
		};
/* End PBXSourcesBuildPhase section */

/* Begin PBXVariantGroup section */
		2DC4DC0A28727393006E18FD /* Main.storyboard */ = {
			isa = PBXVariantGroup;
			children = (
				2DC4DC0B28727393006E18FD /* Base */,
			);
			name = Main.storyboard;
			sourceTree = "<group>";
		};
		2DC4DC0F28727397006E18FD /* LaunchScreen.storyboard */ = {
			isa = PBXVariantGroup;
			children = (
				2DC4DC1028727397006E18FD /* Base */,
			);
			name = LaunchScreen.storyboard;
			sourceTree = "<group>";
		};
/* End PBXVariantGroup section */

/* Begin XCBuildConfiguration section */
		2DC4DC1328727397006E18FD /* Debug */ = {
			isa = XCBuildConfiguration;
			buildSettings = {
				ALWAYS_SEARCH_USER_PATHS = NO;
				CLANG_ANALYZER_NONNULL = YES;
				CLANG_ANALYZER_NUMBER_OBJECT_CONVERSION = YES_AGGRESSIVE;
				CLANG_CXX_LANGUAGE_STANDARD = "gnu++17";
				CLANG_ENABLE_MODULES = YES;
				CLANG_ENABLE_OBJC_ARC = YES;
				CLANG_ENABLE_OBJC_WEAK = YES;
				CLANG_WARN_BLOCK_CAPTURE_AUTORELEASING = YES;
				CLANG_WARN_BOOL_CONVERSION = YES;
				CLANG_WARN_COMMA = YES;
				CLANG_WARN_CONSTANT_CONVERSION = YES;
				CLANG_WARN_DEPRECATED_OBJC_IMPLEMENTATIONS = YES;
				CLANG_WARN_DIRECT_OBJC_ISA_USAGE = YES_ERROR;
				CLANG_WARN_DOCUMENTATION_COMMENTS = YES;
				CLANG_WARN_EMPTY_BODY = YES;
				CLANG_WARN_ENUM_CONVERSION = YES;
				CLANG_WARN_INFINITE_RECURSION = YES;
				CLANG_WARN_INT_CONVERSION = YES;
				CLANG_WARN_NON_LITERAL_NULL_CONVERSION = YES;
				CLANG_WARN_OBJC_IMPLICIT_RETAIN_SELF = YES;
				CLANG_WARN_OBJC_LITERAL_CONVERSION = YES;
				CLANG_WARN_OBJC_ROOT_CLASS = YES_ERROR;
				CLANG_WARN_QUOTED_INCLUDE_IN_FRAMEWORK_HEADER = YES;
				CLANG_WARN_RANGE_LOOP_ANALYSIS = YES;
				CLANG_WARN_STRICT_PROTOTYPES = YES;
				CLANG_WARN_SUSPICIOUS_MOVE = YES;
				CLANG_WARN_UNGUARDED_AVAILABILITY = YES_AGGRESSIVE;
				CLANG_WARN_UNREACHABLE_CODE = YES;
				CLANG_WARN__DUPLICATE_METHOD_MATCH = YES;
				COPY_PHASE_STRIP = NO;
				DEBUG_INFORMATION_FORMAT = dwarf;
				ENABLE_STRICT_OBJC_MSGSEND = YES;
				ENABLE_TESTABILITY = YES;
				GCC_C_LANGUAGE_STANDARD = gnu11;
				GCC_DYNAMIC_NO_PIC = NO;
				GCC_NO_COMMON_BLOCKS = YES;
				GCC_OPTIMIZATION_LEVEL = 0;
				GCC_PREPROCESSOR_DEFINITIONS = (
					"DEBUG=1",
					"$(inherited)",
				);
				GCC_WARN_64_TO_32_BIT_CONVERSION = YES;
				GCC_WARN_ABOUT_RETURN_TYPE = YES_ERROR;
				GCC_WARN_UNDECLARED_SELECTOR = YES;
				GCC_WARN_UNINITIALIZED_AUTOS = YES_AGGRESSIVE;
				GCC_WARN_UNUSED_FUNCTION = YES;
				GCC_WARN_UNUSED_VARIABLE = YES;
				IPHONEOS_DEPLOYMENT_TARGET = 15.4;
				MTL_ENABLE_DEBUG_INFO = INCLUDE_SOURCE;
				MTL_FAST_MATH = YES;
				ONLY_ACTIVE_ARCH = YES;
				SDKROOT = iphoneos;
				SWIFT_ACTIVE_COMPILATION_CONDITIONS = DEBUG;
				SWIFT_OPTIMIZATION_LEVEL = "-Onone";
			};
			name = Debug;
		};
		2DC4DC1428727397006E18FD /* Release */ = {
			isa = XCBuildConfiguration;
			buildSettings = {
				ALWAYS_SEARCH_USER_PATHS = NO;
				CLANG_ANALYZER_NONNULL = YES;
				CLANG_ANALYZER_NUMBER_OBJECT_CONVERSION = YES_AGGRESSIVE;
				CLANG_CXX_LANGUAGE_STANDARD = "gnu++17";
				CLANG_ENABLE_MODULES = YES;
				CLANG_ENABLE_OBJC_ARC = YES;
				CLANG_ENABLE_OBJC_WEAK = YES;
				CLANG_WARN_BLOCK_CAPTURE_AUTORELEASING = YES;
				CLANG_WARN_BOOL_CONVERSION = YES;
				CLANG_WARN_COMMA = YES;
				CLANG_WARN_CONSTANT_CONVERSION = YES;
				CLANG_WARN_DEPRECATED_OBJC_IMPLEMENTATIONS = YES;
				CLANG_WARN_DIRECT_OBJC_ISA_USAGE = YES_ERROR;
				CLANG_WARN_DOCUMENTATION_COMMENTS = YES;
				CLANG_WARN_EMPTY_BODY = YES;
				CLANG_WARN_ENUM_CONVERSION = YES;
				CLANG_WARN_INFINITE_RECURSION = YES;
				CLANG_WARN_INT_CONVERSION = YES;
				CLANG_WARN_NON_LITERAL_NULL_CONVERSION = YES;
				CLANG_WARN_OBJC_IMPLICIT_RETAIN_SELF = YES;
				CLANG_WARN_OBJC_LITERAL_CONVERSION = YES;
				CLANG_WARN_OBJC_ROOT_CLASS = YES_ERROR;
				CLANG_WARN_QUOTED_INCLUDE_IN_FRAMEWORK_HEADER = YES;
				CLANG_WARN_RANGE_LOOP_ANALYSIS = YES;
				CLANG_WARN_STRICT_PROTOTYPES = YES;
				CLANG_WARN_SUSPICIOUS_MOVE = YES;
				CLANG_WARN_UNGUARDED_AVAILABILITY = YES_AGGRESSIVE;
				CLANG_WARN_UNREACHABLE_CODE = YES;
				CLANG_WARN__DUPLICATE_METHOD_MATCH = YES;
				COPY_PHASE_STRIP = NO;
				DEBUG_INFORMATION_FORMAT = "dwarf-with-dsym";
				ENABLE_NS_ASSERTIONS = NO;
				ENABLE_STRICT_OBJC_MSGSEND = YES;
				GCC_C_LANGUAGE_STANDARD = gnu11;
				GCC_NO_COMMON_BLOCKS = YES;
				GCC_WARN_64_TO_32_BIT_CONVERSION = YES;
				GCC_WARN_ABOUT_RETURN_TYPE = YES_ERROR;
				GCC_WARN_UNDECLARED_SELECTOR = YES;
				GCC_WARN_UNINITIALIZED_AUTOS = YES_AGGRESSIVE;
				GCC_WARN_UNUSED_FUNCTION = YES;
				GCC_WARN_UNUSED_VARIABLE = YES;
				IPHONEOS_DEPLOYMENT_TARGET = 15.4;
				MTL_ENABLE_DEBUG_INFO = NO;
				MTL_FAST_MATH = YES;
				SDKROOT = iphoneos;
				SWIFT_COMPILATION_MODE = wholemodule;
				SWIFT_OPTIMIZATION_LEVEL = "-O";
				VALIDATE_PRODUCT = YES;
			};
			name = Release;
		};
		2DC4DC1628727397006E18FD /* Debug */ = {
			isa = XCBuildConfiguration;
			buildSettings = {
				ASSETCATALOG_COMPILER_APPICON_NAME = AppIcon;
				ASSETCATALOG_COMPILER_GLOBAL_ACCENT_COLOR_NAME = AccentColor;
				CODE_SIGN_STYLE = Automatic;
				CURRENT_PROJECT_VERSION = 1;
				GENERATE_INFOPLIST_FILE = YES;
				INFOPLIST_FILE = 03ViewStruct/Info.plist;
				INFOPLIST_KEY_UIApplicationSupportsIndirectInputEvents = YES;
				INFOPLIST_KEY_UILaunchStoryboardName = LaunchScreen;
				INFOPLIST_KEY_UIMainStoryboardFile = Main;
				INFOPLIST_KEY_UISupportedInterfaceOrientations_iPad = "UIInterfaceOrientationPortrait UIInterfaceOrientationPortraitUpsideDown UIInterfaceOrientationLandscapeLeft UIInterfaceOrientationLandscapeRight";
				INFOPLIST_KEY_UISupportedInterfaceOrientations_iPhone = "UIInterfaceOrientationPortrait UIInterfaceOrientationLandscapeLeft UIInterfaceOrientationLandscapeRight";
				LD_RUNPATH_SEARCH_PATHS = (
					"$(inherited)",
					"@executable_path/Frameworks",
				);
				MARKETING_VERSION = 1.0;
				PRODUCT_BUNDLE_IDENTIFIER = "com.study.-3ViewStruct";
				PRODUCT_NAME = "$(TARGET_NAME)";
				SWIFT_EMIT_LOC_STRINGS = YES;
				SWIFT_VERSION = 5.0;
				TARGETED_DEVICE_FAMILY = "1,2";
			};
			name = Debug;
		};
		2DC4DC1728727397006E18FD /* Release */ = {
			isa = XCBuildConfiguration;
			buildSettings = {
				ASSETCATALOG_COMPILER_APPICON_NAME = AppIcon;
				ASSETCATALOG_COMPILER_GLOBAL_ACCENT_COLOR_NAME = AccentColor;
				CODE_SIGN_STYLE = Automatic;
				CURRENT_PROJECT_VERSION = 1;
				GENERATE_INFOPLIST_FILE = YES;
				INFOPLIST_FILE = 03ViewStruct/Info.plist;
				INFOPLIST_KEY_UIApplicationSupportsIndirectInputEvents = YES;
				INFOPLIST_KEY_UILaunchStoryboardName = LaunchScreen;
				INFOPLIST_KEY_UIMainStoryboardFile = Main;
				INFOPLIST_KEY_UISupportedInterfaceOrientations_iPad = "UIInterfaceOrientationPortrait UIInterfaceOrientationPortraitUpsideDown UIInterfaceOrientationLandscapeLeft UIInterfaceOrientationLandscapeRight";
				INFOPLIST_KEY_UISupportedInterfaceOrientations_iPhone = "UIInterfaceOrientationPortrait UIInterfaceOrientationLandscapeLeft UIInterfaceOrientationLandscapeRight";
				LD_RUNPATH_SEARCH_PATHS = (
					"$(inherited)",
					"@executable_path/Frameworks",
				);
				MARKETING_VERSION = 1.0;
				PRODUCT_BUNDLE_IDENTIFIER = "com.study.-3ViewStruct";
				PRODUCT_NAME = "$(TARGET_NAME)";
				SWIFT_EMIT_LOC_STRINGS = YES;
				SWIFT_VERSION = 5.0;
				TARGETED_DEVICE_FAMILY = "1,2";
			};
			name = Release;
		};
/* End XCBuildConfiguration section */

/* Begin XCConfigurationList section */
		2DC4DBFC28727393006E18FD /* Build configuration list for PBXProject "03ViewStruct" */ = {
			isa = XCConfigurationList;
			buildConfigurations = (
				2DC4DC1328727397006E18FD /* Debug */,
				2DC4DC1428727397006E18FD /* Release */,
			);
			defaultConfigurationIsVisible = 0;
			defaultConfigurationName = Release;
		};
		2DC4DC1528727397006E18FD /* Build configuration list for PBXNativeTarget "03ViewStruct" */ = {
			isa = XCConfigurationList;
			buildConfigurations = (
				2DC4DC1628727397006E18FD /* Debug */,
				2DC4DC1728727397006E18FD /* Release */,
			);
			defaultConfigurationIsVisible = 0;
			defaultConfigurationName = Release;
		};
/* End XCConfigurationList section */
	};
	rootObject = 2DC4DBF928727393006E18FD /* Project object */;
}
