// !$*UTF8*$!
{
	archiveVersion = 1;
	classes = {
	};
	objectVersion = 55;
	objects = {

/* Begin PBXBuildFile section */
		2DAD7E4828857E190040D30E /* AppDelegate.swift in Sources */ = {isa = PBXBuildFile; fileRef = 2DAD7E4728857E190040D30E /* AppDelegate.swift */; };
		2DAD7E4A28857E190040D30E /* SceneDelegate.swift in Sources */ = {isa = PBXBuildFile; fileRef = 2DAD7E4928857E190040D30E /* SceneDelegate.swift */; };
		2DAD7E4C28857E190040D30E /* ViewController.swift in Sources */ = {isa = PBXBuildFile; fileRef = 2DAD7E4B28857E190040D30E /* ViewController.swift */; };
		2DAD7E4F28857E190040D30E /* Main.storyboard in Resources */ = {isa = PBXBuildFile; fileRef = 2DAD7E4D28857E190040D30E /* Main.storyboard */; };
		2DAD7E5128857E1B0040D30E /* Assets.xcassets in Resources */ = {isa = PBXBuildFile; fileRef = 2DAD7E5028857E1B0040D30E /* Assets.xcassets */; };
		2DAD7E5428857E1B0040D30E /* LaunchScreen.storyboard in Resources */ = {isa = PBXBuildFile; fileRef = 2DAD7E5228857E1B0040D30E /* LaunchScreen.storyboard */; };
		E1615449038138CDF6E259F3 /* Pods_NewMyToastSDWebImage.framework in Frameworks */ = {isa = PBXBuildFile; fileRef = A81C58722573C113B350CD6F /* Pods_NewMyToastSDWebImage.framework */; };
/* End PBXBuildFile section */

/* Begin PBXFileReference section */
		2DAD7E4428857E190040D30E /* NewMyToastSDWebImage.app */ = {isa = PBXFileReference; explicitFileType = wrapper.application; includeInIndex = 0; path = NewMyToastSDWebImage.app; sourceTree = BUILT_PRODUCTS_DIR; };
		2DAD7E4728857E190040D30E /* AppDelegate.swift */ = {isa = PBXFileReference; lastKnownFileType = sourcecode.swift; path = AppDelegate.swift; sourceTree = "<group>"; };
		2DAD7E4928857E190040D30E /* SceneDelegate.swift */ = {isa = PBXFileReference; lastKnownFileType = sourcecode.swift; path = SceneDelegate.swift; sourceTree = "<group>"; };
		2DAD7E4B28857E190040D30E /* ViewController.swift */ = {isa = PBXFileReference; lastKnownFileType = sourcecode.swift; path = ViewController.swift; sourceTree = "<group>"; };
		2DAD7E4E28857E190040D30E /* Base */ = {isa = PBXFileReference; lastKnownFileType = file.storyboard; name = Base; path = Base.lproj/Main.storyboard; sourceTree = "<group>"; };
		2DAD7E5028857E1B0040D30E /* Assets.xcassets */ = {isa = PBXFileReference; lastKnownFileType = folder.assetcatalog; path = Assets.xcassets; sourceTree = "<group>"; };
		2DAD7E5328857E1B0040D30E /* Base */ = {isa = PBXFileReference; lastKnownFileType = file.storyboard; name = Base; path = Base.lproj/LaunchScreen.storyboard; sourceTree = "<group>"; };
		2DAD7E5528857E1B0040D30E /* Info.plist */ = {isa = PBXFileReference; lastKnownFileType = text.plist.xml; path = Info.plist; sourceTree = "<group>"; };
		3F58EEE24E7D949ADE59B71C /* Pods-NewMyToastSDWebImage.release.xcconfig */ = {isa = PBXFileReference; includeInIndex = 1; lastKnownFileType = text.xcconfig; name = "Pods-NewMyToastSDWebImage.release.xcconfig"; path = "Target Support Files/Pods-NewMyToastSDWebImage/Pods-NewMyToastSDWebImage.release.xcconfig"; sourceTree = "<group>"; };
		929FDE1F454F22E993E28FE1 /* Pods-NewMyToastSDWebImage.debug.xcconfig */ = {isa = PBXFileReference; includeInIndex = 1; lastKnownFileType = text.xcconfig; name = "Pods-NewMyToastSDWebImage.debug.xcconfig"; path = "Target Support Files/Pods-NewMyToastSDWebImage/Pods-NewMyToastSDWebImage.debug.xcconfig"; sourceTree = "<group>"; };
		A81C58722573C113B350CD6F /* Pods_NewMyToastSDWebImage.framework */ = {isa = PBXFileReference; explicitFileType = wrapper.framework; includeInIndex = 0; path = Pods_NewMyToastSDWebImage.framework; sourceTree = BUILT_PRODUCTS_DIR; };
/* End PBXFileReference section */

/* Begin PBXFrameworksBuildPhase section */
		2DAD7E4128857E190040D30E /* Frameworks */ = {
			isa = PBXFrameworksBuildPhase;
			buildActionMask = 2147483647;
			files = (
				E1615449038138CDF6E259F3 /* Pods_NewMyToastSDWebImage.framework in Frameworks */,
			);
			runOnlyForDeploymentPostprocessing = 0;
		};
/* End PBXFrameworksBuildPhase section */

/* Begin PBXGroup section */
		2DAD7E3B28857E190040D30E = {
			isa = PBXGroup;
			children = (
				2DAD7E4628857E190040D30E /* NewMyToastSDWebImage */,
				2DAD7E4528857E190040D30E /* Products */,
				8A6E471998D18F16058CD153 /* Pods */,
				7271DFEC24ECEBB34761EE0A /* Frameworks */,
			);
			sourceTree = "<group>";
		};
		2DAD7E4528857E190040D30E /* Products */ = {
			isa = PBXGroup;
			children = (
				2DAD7E4428857E190040D30E /* NewMyToastSDWebImage.app */,
			);
			name = Products;
			sourceTree = "<group>";
		};
		2DAD7E4628857E190040D30E /* NewMyToastSDWebImage */ = {
			isa = PBXGroup;
			children = (
				2DAD7E4728857E190040D30E /* AppDelegate.swift */,
				2DAD7E4928857E190040D30E /* SceneDelegate.swift */,
				2DAD7E4B28857E190040D30E /* ViewController.swift */,
				2DAD7E4D28857E190040D30E /* Main.storyboard */,
				2DAD7E5028857E1B0040D30E /* Assets.xcassets */,
				2DAD7E5228857E1B0040D30E /* LaunchScreen.storyboard */,
				2DAD7E5528857E1B0040D30E /* Info.plist */,
			);
			path = NewMyToastSDWebImage;
			sourceTree = "<group>";
		};
		7271DFEC24ECEBB34761EE0A /* Frameworks */ = {
			isa = PBXGroup;
			children = (
				A81C58722573C113B350CD6F /* Pods_NewMyToastSDWebImage.framework */,
			);
			name = Frameworks;
			sourceTree = "<group>";
		};
		8A6E471998D18F16058CD153 /* Pods */ = {
			isa = PBXGroup;
			children = (
				929FDE1F454F22E993E28FE1 /* Pods-NewMyToastSDWebImage.debug.xcconfig */,
				3F58EEE24E7D949ADE59B71C /* Pods-NewMyToastSDWebImage.release.xcconfig */,
			);
			name = Pods;
			path = Pods;
			sourceTree = "<group>";
		};
/* End PBXGroup section */

/* Begin PBXNativeTarget section */
		2DAD7E4328857E190040D30E /* NewMyToastSDWebImage */ = {
			isa = PBXNativeTarget;
			buildConfigurationList = 2DAD7E5828857E1B0040D30E /* Build configuration list for PBXNativeTarget "NewMyToastSDWebImage" */;
			buildPhases = (
				BE85B21D609F08F5A62196B1 /* [CP] Check Pods Manifest.lock */,
				2DAD7E4028857E190040D30E /* Sources */,
				2DAD7E4128857E190040D30E /* Frameworks */,
				2DAD7E4228857E190040D30E /* Resources */,
				C71795BA721C5EA57D2FF051 /* [CP] Embed Pods Frameworks */,
			);
			buildRules = (
			);
			dependencies = (
			);
			name = NewMyToastSDWebImage;
			productName = NewMyToastSDWebImage;
			productReference = 2DAD7E4428857E190040D30E /* NewMyToastSDWebImage.app */;
			productType = "com.apple.product-type.application";
		};
/* End PBXNativeTarget section */

/* Begin PBXProject section */
		2DAD7E3C28857E190040D30E /* Project object */ = {
			isa = PBXProject;
			attributes = {
				BuildIndependentTargetsInParallel = 1;
				LastSwiftUpdateCheck = 1340;
				LastUpgradeCheck = 1340;
				TargetAttributes = {
					2DAD7E4328857E190040D30E = {
						CreatedOnToolsVersion = 13.4.1;
					};
				};
			};
			buildConfigurationList = 2DAD7E3F28857E190040D30E /* Build configuration list for PBXProject "NewMyToastSDWebImage" */;
			compatibilityVersion = "Xcode 13.0";
			developmentRegion = en;
			hasScannedForEncodings = 0;
			knownRegions = (
				en,
				Base,
			);
			mainGroup = 2DAD7E3B28857E190040D30E;
			productRefGroup = 2DAD7E4528857E190040D30E /* Products */;
			projectDirPath = "";
			projectRoot = "";
			targets = (
				2DAD7E4328857E190040D30E /* NewMyToastSDWebImage */,
			);
		};
/* End PBXProject section */

/* Begin PBXResourcesBuildPhase section */
		2DAD7E4228857E190040D30E /* Resources */ = {
			isa = PBXResourcesBuildPhase;
			buildActionMask = 2147483647;
			files = (
				2DAD7E5428857E1B0040D30E /* LaunchScreen.storyboard in Resources */,
				2DAD7E5128857E1B0040D30E /* Assets.xcassets in Resources */,
				2DAD7E4F28857E190040D30E /* Main.storyboard in Resources */,
			);
			runOnlyForDeploymentPostprocessing = 0;
		};
/* End PBXResourcesBuildPhase section */

/* Begin PBXShellScriptBuildPhase section */
		BE85B21D609F08F5A62196B1 /* [CP] Check Pods Manifest.lock */ = {
			isa = PBXShellScriptBuildPhase;
			buildActionMask = 2147483647;
			files = (
			);
			inputFileListPaths = (
			);
			inputPaths = (
				"${PODS_PODFILE_DIR_PATH}/Podfile.lock",
				"${PODS_ROOT}/Manifest.lock",
			);
			name = "[CP] Check Pods Manifest.lock";
			outputFileListPaths = (
			);
			outputPaths = (
				"$(DERIVED_FILE_DIR)/Pods-NewMyToastSDWebImage-checkManifestLockResult.txt",
			);
			runOnlyForDeploymentPostprocessing = 0;
			shellPath = /bin/sh;
			shellScript = "diff \"${PODS_PODFILE_DIR_PATH}/Podfile.lock\" \"${PODS_ROOT}/Manifest.lock\" > /dev/null\nif [ $? != 0 ] ; then\n    # print error to STDERR\n    echo \"error: The sandbox is not in sync with the Podfile.lock. Run 'pod install' or update your CocoaPods installation.\" >&2\n    exit 1\nfi\n# This output is used by Xcode 'outputs' to avoid re-running this script phase.\necho \"SUCCESS\" > \"${SCRIPT_OUTPUT_FILE_0}\"\n";
			showEnvVarsInLog = 0;
		};
		C71795BA721C5EA57D2FF051 /* [CP] Embed Pods Frameworks */ = {
			isa = PBXShellScriptBuildPhase;
			buildActionMask = 2147483647;
			files = (
			);
			inputFileListPaths = (
				"${PODS_ROOT}/Target Support Files/Pods-NewMyToastSDWebImage/Pods-NewMyToastSDWebImage-frameworks-${CONFIGURATION}-input-files.xcfilelist",
			);
			name = "[CP] Embed Pods Frameworks";
			outputFileListPaths = (
				"${PODS_ROOT}/Target Support Files/Pods-NewMyToastSDWebImage/Pods-NewMyToastSDWebImage-frameworks-${CONFIGURATION}-output-files.xcfilelist",
			);
			runOnlyForDeploymentPostprocessing = 0;
			shellPath = /bin/sh;
			shellScript = "\"${PODS_ROOT}/Target Support Files/Pods-NewMyToastSDWebImage/Pods-NewMyToastSDWebImage-frameworks.sh\"\n";
			showEnvVarsInLog = 0;
		};
/* End PBXShellScriptBuildPhase section */

/* Begin PBXSourcesBuildPhase section */
		2DAD7E4028857E190040D30E /* Sources */ = {
			isa = PBXSourcesBuildPhase;
			buildActionMask = 2147483647;
			files = (
				2DAD7E4C28857E190040D30E /* ViewController.swift in Sources */,
				2DAD7E4828857E190040D30E /* AppDelegate.swift in Sources */,
				2DAD7E4A28857E190040D30E /* SceneDelegate.swift in Sources */,
			);
			runOnlyForDeploymentPostprocessing = 0;
		};
/* End PBXSourcesBuildPhase section */

/* Begin PBXVariantGroup section */
		2DAD7E4D28857E190040D30E /* Main.storyboard */ = {
			isa = PBXVariantGroup;
			children = (
				2DAD7E4E28857E190040D30E /* Base */,
			);
			name = Main.storyboard;
			sourceTree = "<group>";
		};
		2DAD7E5228857E1B0040D30E /* LaunchScreen.storyboard */ = {
			isa = PBXVariantGroup;
			children = (
				2DAD7E5328857E1B0040D30E /* Base */,
			);
			name = LaunchScreen.storyboard;
			sourceTree = "<group>";
		};
/* End PBXVariantGroup section */

/* Begin XCBuildConfiguration section */
		2DAD7E5628857E1B0040D30E /* Debug */ = {
			isa = XCBuildConfiguration;
			buildSettings = {
				ALWAYS_SEARCH_USER_PATHS = NO;
				CLANG_ANALYZER_NONNULL = YES;
				CLANG_ANALYZER_NUMBER_OBJECT_CONVERSION = YES_AGGRESSIVE;
				CLANG_CXX_LANGUAGE_STANDARD = "gnu++17";
				CLANG_ENABLE_MODULES = YES;
				CLANG_ENABLE_OBJC_ARC = YES;
				CLANG_ENABLE_OBJC_WEAK = YES;
				CLANG_WARN_BLOCK_CAPTURE_AUTORELEASING = YES;
				CLANG_WARN_BOOL_CONVERSION = YES;
				CLANG_WARN_COMMA = YES;
				CLANG_WARN_CONSTANT_CONVERSION = YES;
				CLANG_WARN_DEPRECATED_OBJC_IMPLEMENTATIONS = YES;
				CLANG_WARN_DIRECT_OBJC_ISA_USAGE = YES_ERROR;
				CLANG_WARN_DOCUMENTATION_COMMENTS = YES;
				CLANG_WARN_EMPTY_BODY = YES;
				CLANG_WARN_ENUM_CONVERSION = YES;
				CLANG_WARN_INFINITE_RECURSION = YES;
				CLANG_WARN_INT_CONVERSION = YES;
				CLANG_WARN_NON_LITERAL_NULL_CONVERSION = YES;
				CLANG_WARN_OBJC_IMPLICIT_RETAIN_SELF = YES;
				CLANG_WARN_OBJC_LITERAL_CONVERSION = YES;
				CLANG_WARN_OBJC_ROOT_CLASS = YES_ERROR;
				CLANG_WARN_QUOTED_INCLUDE_IN_FRAMEWORK_HEADER = YES;
				CLANG_WARN_RANGE_LOOP_ANALYSIS = YES;
				CLANG_WARN_STRICT_PROTOTYPES = YES;
				CLANG_WARN_SUSPICIOUS_MOVE = YES;
				CLANG_WARN_UNGUARDED_AVAILABILITY = YES_AGGRESSIVE;
				CLANG_WARN_UNREACHABLE_CODE = YES;
				CLANG_WARN__DUPLICATE_METHOD_MATCH = YES;
				COPY_PHASE_STRIP = NO;
				DEBUG_INFORMATION_FORMAT = dwarf;
				ENABLE_STRICT_OBJC_MSGSEND = YES;
				ENABLE_TESTABILITY = YES;
				GCC_C_LANGUAGE_STANDARD = gnu11;
				GCC_DYNAMIC_NO_PIC = NO;
				GCC_NO_COMMON_BLOCKS = YES;
				GCC_OPTIMIZATION_LEVEL = 0;
				GCC_PREPROCESSOR_DEFINITIONS = (
					"DEBUG=1",
					"$(inherited)",
				);
				GCC_WARN_64_TO_32_BIT_CONVERSION = YES;
				GCC_WARN_ABOUT_RETURN_TYPE = YES_ERROR;
				GCC_WARN_UNDECLARED_SELECTOR = YES;
				GCC_WARN_UNINITIALIZED_AUTOS = YES_AGGRESSIVE;
				GCC_WARN_UNUSED_FUNCTION = YES;
				GCC_WARN_UNUSED_VARIABLE = YES;
				IPHONEOS_DEPLOYMENT_TARGET = 15.5;
				MTL_ENABLE_DEBUG_INFO = INCLUDE_SOURCE;
				MTL_FAST_MATH = YES;
				ONLY_ACTIVE_ARCH = YES;
				SDKROOT = iphoneos;
				SWIFT_ACTIVE_COMPILATION_CONDITIONS = DEBUG;
				SWIFT_OPTIMIZATION_LEVEL = "-Onone";
			};
			name = Debug;
		};
		2DAD7E5728857E1B0040D30E /* Release */ = {
			isa = XCBuildConfiguration;
			buildSettings = {
				ALWAYS_SEARCH_USER_PATHS = NO;
				CLANG_ANALYZER_NONNULL = YES;
				CLANG_ANALYZER_NUMBER_OBJECT_CONVERSION = YES_AGGRESSIVE;
				CLANG_CXX_LANGUAGE_STANDARD = "gnu++17";
				CLANG_ENABLE_MODULES = YES;
				CLANG_ENABLE_OBJC_ARC = YES;
				CLANG_ENABLE_OBJC_WEAK = YES;
				CLANG_WARN_BLOCK_CAPTURE_AUTORELEASING = YES;
				CLANG_WARN_BOOL_CONVERSION = YES;
				CLANG_WARN_COMMA = YES;
				CLANG_WARN_CONSTANT_CONVERSION = YES;
				CLANG_WARN_DEPRECATED_OBJC_IMPLEMENTATIONS = YES;
				CLANG_WARN_DIRECT_OBJC_ISA_USAGE = YES_ERROR;
				CLANG_WARN_DOCUMENTATION_COMMENTS = YES;
				CLANG_WARN_EMPTY_BODY = YES;
				CLANG_WARN_ENUM_CONVERSION = YES;
				CLANG_WARN_INFINITE_RECURSION = YES;
				CLANG_WARN_INT_CONVERSION = YES;
				CLANG_WARN_NON_LITERAL_NULL_CONVERSION = YES;
				CLANG_WARN_OBJC_IMPLICIT_RETAIN_SELF = YES;
				CLANG_WARN_OBJC_LITERAL_CONVERSION = YES;
				CLANG_WARN_OBJC_ROOT_CLASS = YES_ERROR;
				CLANG_WARN_QUOTED_INCLUDE_IN_FRAMEWORK_HEADER = YES;
				CLANG_WARN_RANGE_LOOP_ANALYSIS = YES;
				CLANG_WARN_STRICT_PROTOTYPES = YES;
				CLANG_WARN_SUSPICIOUS_MOVE = YES;
				CLANG_WARN_UNGUARDED_AVAILABILITY = YES_AGGRESSIVE;
				CLANG_WARN_UNREACHABLE_CODE = YES;
				CLANG_WARN__DUPLICATE_METHOD_MATCH = YES;
				COPY_PHASE_STRIP = NO;
				DEBUG_INFORMATION_FORMAT = "dwarf-with-dsym";
				ENABLE_NS_ASSERTIONS = NO;
				ENABLE_STRICT_OBJC_MSGSEND = YES;
				GCC_C_LANGUAGE_STANDARD = gnu11;
				GCC_NO_COMMON_BLOCKS = YES;
				GCC_WARN_64_TO_32_BIT_CONVERSION = YES;
				GCC_WARN_ABOUT_RETURN_TYPE = YES_ERROR;
				GCC_WARN_UNDECLARED_SELECTOR = YES;
				GCC_WARN_UNINITIALIZED_AUTOS = YES_AGGRESSIVE;
				GCC_WARN_UNUSED_FUNCTION = YES;
				GCC_WARN_UNUSED_VARIABLE = YES;
				IPHONEOS_DEPLOYMENT_TARGET = 15.5;
				MTL_ENABLE_DEBUG_INFO = NO;
				MTL_FAST_MATH = YES;
				SDKROOT = iphoneos;
				SWIFT_COMPILATION_MODE = wholemodule;
				SWIFT_OPTIMIZATION_LEVEL = "-O";
				VALIDATE_PRODUCT = YES;
			};
			name = Release;
		};
		2DAD7E5928857E1B0040D30E /* Debug */ = {
			isa = XCBuildConfiguration;
			baseConfigurationReference = 929FDE1F454F22E993E28FE1 /* Pods-NewMyToastSDWebImage.debug.xcconfig */;
			buildSettings = {
				ASSETCATALOG_COMPILER_APPICON_NAME = AppIcon;
				ASSETCATALOG_COMPILER_GLOBAL_ACCENT_COLOR_NAME = AccentColor;
				CODE_SIGN_STYLE = Automatic;
				CURRENT_PROJECT_VERSION = 1;
				GENERATE_INFOPLIST_FILE = YES;
				INFOPLIST_FILE = NewMyToastSDWebImage/Info.plist;
				INFOPLIST_KEY_UIApplicationSupportsIndirectInputEvents = YES;
				INFOPLIST_KEY_UILaunchStoryboardName = LaunchScreen;
				INFOPLIST_KEY_UIMainStoryboardFile = Main;
				INFOPLIST_KEY_UISupportedInterfaceOrientations_iPad = "UIInterfaceOrientationPortrait UIInterfaceOrientationPortraitUpsideDown UIInterfaceOrientationLandscapeLeft UIInterfaceOrientationLandscapeRight";
				INFOPLIST_KEY_UISupportedInterfaceOrientations_iPhone = "UIInterfaceOrientationPortrait UIInterfaceOrientationLandscapeLeft UIInterfaceOrientationLandscapeRight";
				LD_RUNPATH_SEARCH_PATHS = (
					"$(inherited)",
					"@executable_path/Frameworks",
				);
				MARKETING_VERSION = 1.0;
				PRODUCT_BUNDLE_IDENTIFIER = com.study.NewMyToastSDWebImage;
				PRODUCT_NAME = "$(TARGET_NAME)";
				SWIFT_EMIT_LOC_STRINGS = YES;
				SWIFT_VERSION = 5.0;
				TARGETED_DEVICE_FAMILY = "1,2";
			};
			name = Debug;
		};
		2DAD7E5A28857E1B0040D30E /* Release */ = {
			isa = XCBuildConfiguration;
			baseConfigurationReference = 3F58EEE24E7D949ADE59B71C /* Pods-NewMyToastSDWebImage.release.xcconfig */;
			buildSettings = {
				ASSETCATALOG_COMPILER_APPICON_NAME = AppIcon;
				ASSETCATALOG_COMPILER_GLOBAL_ACCENT_COLOR_NAME = AccentColor;
				CODE_SIGN_STYLE = Automatic;
				CURRENT_PROJECT_VERSION = 1;
				GENERATE_INFOPLIST_FILE = YES;
				INFOPLIST_FILE = NewMyToastSDWebImage/Info.plist;
				INFOPLIST_KEY_UIApplicationSupportsIndirectInputEvents = YES;
				INFOPLIST_KEY_UILaunchStoryboardName = LaunchScreen;
				INFOPLIST_KEY_UIMainStoryboardFile = Main;
				INFOPLIST_KEY_UISupportedInterfaceOrientations_iPad = "UIInterfaceOrientationPortrait UIInterfaceOrientationPortraitUpsideDown UIInterfaceOrientationLandscapeLeft UIInterfaceOrientationLandscapeRight";
				INFOPLIST_KEY_UISupportedInterfaceOrientations_iPhone = "UIInterfaceOrientationPortrait UIInterfaceOrientationLandscapeLeft UIInterfaceOrientationLandscapeRight";
				LD_RUNPATH_SEARCH_PATHS = (
					"$(inherited)",
					"@executable_path/Frameworks",
				);
				MARKETING_VERSION = 1.0;
				PRODUCT_BUNDLE_IDENTIFIER = com.study.NewMyToastSDWebImage;
				PRODUCT_NAME = "$(TARGET_NAME)";
				SWIFT_EMIT_LOC_STRINGS = YES;
				SWIFT_VERSION = 5.0;
				TARGETED_DEVICE_FAMILY = "1,2";
			};
			name = Release;
		};
/* End XCBuildConfiguration section */

/* Begin XCConfigurationList section */
		2DAD7E3F28857E190040D30E /* Build configuration list for PBXProject "NewMyToastSDWebImage" */ = {
			isa = XCConfigurationList;
			buildConfigurations = (
				2DAD7E5628857E1B0040D30E /* Debug */,
				2DAD7E5728857E1B0040D30E /* Release */,
			);
			defaultConfigurationIsVisible = 0;
			defaultConfigurationName = Release;
		};
		2DAD7E5828857E1B0040D30E /* Build configuration list for PBXNativeTarget "NewMyToastSDWebImage" */ = {
			isa = XCConfigurationList;
			buildConfigurations = (
				2DAD7E5928857E1B0040D30E /* Debug */,
				2DAD7E5A28857E1B0040D30E /* Release */,
			);
			defaultConfigurationIsVisible = 0;
			defaultConfigurationName = Release;
		};
/* End XCConfigurationList section */
	};
	rootObject = 2DAD7E3C28857E190040D30E /* Project object */;
}
